
Microsoft Visual Studio Solution File, Format Version 12.00
# Visual Studio Version 16
VisualStudioVersion = 16.0.30711.63
MinimumVisualStudioVersion = 10.0.40219.1
Project("{9A19103F-16F7-4668-BE54-9A1E7A4F7556}") = "SupervisorApi", "SupervisorApi\SupervisorApi.csproj", "{0C955260-6668-4782-AEBF-B2878A4943AF}"
EndProject
Project("{9A19103F-16F7-4668-BE54-9A1E7A4F7556}") = "AgentApp", "AgentApp\AgentApp.csproj", "{32683B77-1B46-44E5-AB2C-20F1AA1CE0FC}"
EndProject
Project("{FAE04EC0-301F-11D3-BF4B-00C04F79EFBC}") = "Common", "Common\Common.csproj", "{37C9C45A-06D6-4D7B-95E1-5ECE7C44FF1A}"
EndProject
Project("{2150E333-8FDC-42A3-9474-1A3956D46DE8}") = "Solution Items", "Solution Items", "{D00B72A0-978C-4D7B-9489-BB4E06046409}"
	ProjectSection(SolutionItems) = preProject
		README.md = README.md
	EndProjectSection
EndProject
Global
	GlobalSection(SolutionConfigurationPlatforms) = preSolution
		Debug|Any CPU = Debug|Any CPU
		Release|Any CPU = Release|Any CPU
	EndGlobalSection
	GlobalSection(ProjectConfigurationPlatforms) = postSolution
		{0C955260-6668-4782-AEBF-B2878A4943AF}.Debug|Any CPU.ActiveCfg = Debug|Any CPU
		{0C955260-6668-4782-AEBF-B2878A4943AF}.Debug|Any CPU.Build.0 = Debug|Any CPU
		{0C955260-6668-4782-AEBF-B2878A4943AF}.Release|Any CPU.ActiveCfg = Release|Any CPU
		{0C955260-6668-4782-AEBF-B2878A4943AF}.Release|Any CPU.Build.0 = Release|Any CPU
		{32683B77-1B46-44E5-AB2C-20F1AA1CE0FC}.Debug|Any CPU.ActiveCfg = Debug|Any CPU
		{32683B77-1B46-44E5-AB2C-20F1AA1CE0FC}.Debug|Any CPU.Build.0 = Debug|Any CPU
		{32683B77-1B46-44E5-AB2C-20F1AA1CE0FC}.Release|Any CPU.ActiveCfg = Release|Any CPU
		{32683B77-1B46-44E5-AB2C-20F1AA1CE0FC}.Release|Any CPU.Build.0 = Release|Any CPU
		{37C9C45A-06D6-4D7B-95E1-5ECE7C44FF1A}.Debug|Any CPU.ActiveCfg = Debug|Any CPU
		{37C9C45A-06D6-4D7B-95E1-5ECE7C44FF1A}.Debug|Any CPU.Build.0 = Debug|Any CPU
		{37C9C45A-06D6-4D7B-95E1-5ECE7C44FF1A}.Release|Any CPU.ActiveCfg = Release|Any CPU
		{37C9C45A-06D6-4D7B-95E1-5ECE7C44FF1A}.Release|Any CPU.Build.0 = Release|Any CPU
	EndGlobalSection
	GlobalSection(SolutionProperties) = preSolution
		HideSolutionNode = FALSE
	EndGlobalSection
	GlobalSection(ExtensibilityGlobals) = postSolution
		SolutionGuid = {7869A14E-61EF-450C-9DCE-35CB0FB1A6FF}
	EndGlobalSection
EndGlobal
